{
  "version": 4,
  "terraform_version": "1.3.7",
  "serial": 21,
  "lineage": "5b3d09c9-906e-8f6f-0dc0-1490435f017f",
  "outputs": {},
  "resources": [
    {
      "mode": "managed",
      "type": "github_repository",
      "name": "terraform_practice",
      "provider": "provider[\"registry.terraform.io/integrations/github\"]",
      "instances": [
        {
          "schema_version": 1,
          "attributes": {
            "allow_auto_merge": false,
            "allow_merge_commit": true,
            "allow_rebase_merge": true,
            "allow_squash_merge": true,
            "allow_update_branch": false,
            "archive_on_destroy": null,
            "archived": false,
            "auto_init": null,
            "default_branch": "main",
            "delete_branch_on_merge": false,
            "description": "",
            "etag": "W/\"aa1ad19ab986ecf51d118d67b969374b4043ee6ebad06a80b92a1d5a13d2c29e\"",
            "full_name": "gauravd-n-able/terraform_practice",
            "git_clone_url": "git://github.com/gauravd-n-able/terraform_practice.git",
            "gitignore_template": null,
            "has_discussions": false,
            "has_downloads": false,
            "has_issues": false,
            "has_projects": false,
            "has_wiki": false,
            "homepage_url": "",
            "html_url": "https://github.com/gauravd-n-able/terraform_practice",
            "http_clone_url": "https://github.com/gauravd-n-able/terraform_practice.git",
            "id": "terraform_practice",
            "ignore_vulnerability_alerts_during_read": null,
            "is_template": false,
            "license_template": null,
            "merge_commit_message": "PR_TITLE",
            "merge_commit_title": "MERGE_MESSAGE",
            "name": "terraform_practice",
            "node_id": "R_kgDOJIIdLA",
            "pages": [],
            "private": true,
            "repo_id": 612506924,
            "security_and_analysis": [],
            "squash_merge_commit_message": "COMMIT_MESSAGES",
            "squash_merge_commit_title": "COMMIT_OR_PR_TITLE",
            "ssh_clone_url": "git@github.com:gauravd-n-able/terraform_practice.git",
            "svn_url": "https://github.com/gauravd-n-able/terraform_practice",
            "template": [],
            "topics": null,
            "visibility": "private",
            "vulnerability_alerts": false
          },
          "sensitive_attributes": [],
          "private": "eyJzY2hlbWFfdmVyc2lvbiI6IjEifQ=="
        }
      ]
    }
  ],
  "check_results": null
}
