{
  "version": 4,
  "terraform_version": "1.3.7",
  "serial": 4,
  "lineage": "7e4311ea-f7d1-49a1-2ec4-53eae3177cd9",
  "outputs": {
    "combined": {
      "value": {
        "iamuser.0": "arn:aws:iam::671524387767:user/system/iamuser.0",
        "iamuser.1": "arn:aws:iam::671524387767:user/system/iamuser.1",
        "iamuser.2": "arn:aws:iam::671524387767:user/system/iamuser.2"
      },
      "type": [
        "object",
        {
          "iamuser.0": "string",
          "iamuser.1": "string",
          "iamuser.2": "string"
        }
      ]
    },
    "iam_arns": {
      "value": [
        "arn:aws:iam::671524387767:user/system/iamuser.0",
        "arn:aws:iam::671524387767:user/system/iamuser.1",
        "arn:aws:iam::671524387767:user/system/iamuser.2"
      ],
      "type": [
        "tuple",
        [
          "string",
          "string",
          "string"
        ]
      ]
    },
    "iam_names": {
      "value": [
        "iamuser.0",
        "iamuser.1",
        "iamuser.2"
      ],
      "type": [
        "tuple",
        [
          "string",
          "string",
          "string"
        ]
      ]
    }
  },
  "resources": [
    {
      "mode": "managed",
      "type": "aws_iam_user",
      "name": "lb",
      "provider": "provider[\"registry.terraform.io/hashicorp/aws\"]",
      "instances": [
        {
          "index_key": 0,
          "schema_version": 0,
          "attributes": {
            "arn": "arn:aws:iam::671524387767:user/system/iamuser.0",
            "force_destroy": false,
            "id": "iamuser.0",
            "name": "iamuser.0",
            "path": "/system/",
            "permissions_boundary": null,
            "tags": null,
            "tags_all": {},
            "unique_id": "AIDAZYWPY7O3SFBIC4GKJ"
          },
          "sensitive_attributes": [],
          "private": "bnVsbA=="
        },
        {
          "index_key": 1,
          "schema_version": 0,
          "attributes": {
            "arn": "arn:aws:iam::671524387767:user/system/iamuser.1",
            "force_destroy": false,
            "id": "iamuser.1",
            "name": "iamuser.1",
            "path": "/system/",
            "permissions_boundary": null,
            "tags": null,
            "tags_all": {},
            "unique_id": "AIDAZYWPY7O32YGNN3TQ2"
          },
          "sensitive_attributes": [],
          "private": "bnVsbA=="
        },
        {
          "index_key": 2,
          "schema_version": 0,
          "attributes": {
            "arn": "arn:aws:iam::671524387767:user/system/iamuser.2",
            "force_destroy": false,
            "id": "iamuser.2",
            "name": "iamuser.2",
            "path": "/system/",
            "permissions_boundary": null,
            "tags": null,
            "tags_all": {},
            "unique_id": "AIDAZYWPY7O3TVOURXUIS"
          },
          "sensitive_attributes": [],
          "private": "bnVsbA=="
        }
      ]
    }
  ],
  "check_results": null
}
